// !$*UTF8*$!
{
	archiveVersion = 1;
	classes = {
	};
	objectVersion = 46;
	objects = {

/* Begin PBXBuildFile section */
		2D2FE08D1BC74D9E00544693 /* valueTransform.m in Sources */ = {isa = PBXBuildFile; fileRef = 2D2FE08C1BC74D9E00544693 /* valueTransform.m */; };
		2D3C63451BC8BA6600042AC4 /* WWDatabase.m in Sources */ = {isa = PBXBuildFile; fileRef = 2D3C63441BC8BA6600042AC4 /* WWDatabase.m */; };
		2D3C63481BC8BACF00042AC4 /* modelAssociateDB.m in Sources */ = {isa = PBXBuildFile; fileRef = 2D3C63471BC8BACF00042AC4 /* modelAssociateDB.m */; };
		2D3C634B1BC8BB1300042AC4 /* WWDBValueAdapter.m in Sources */ = {isa = PBXBuildFile; fileRef = 2D3C634A1BC8BB1300042AC4 /* WWDBValueAdapter.m */; };
		2D3C634E1BC8C29900042AC4 /* libsqlite3.tbd in Frameworks */ = {isa = PBXBuildFile; fileRef = 2D3C634C1BC8C23800042AC4 /* libsqlite3.tbd */; };
		2D3C63501BC8C31D00042AC4 /* libz.tbd in Frameworks */ = {isa = PBXBuildFile; fileRef = 2D3C634F1BC8C31D00042AC4 /* libz.tbd */; };
		2D3C63531BC905CA00042AC4 /* WWExceptionAndError.m in Sources */ = {isa = PBXBuildFile; fileRef = 2D3C63521BC905CA00042AC4 /* WWExceptionAndError.m */; };
		2D8F7AFE1BCF7FA9002582DE /* contactPersonModel.m in Sources */ = {isa = PBXBuildFile; fileRef = 2D8F7AFD1BCF7FA9002582DE /* contactPersonModel.m */; };
		2D8F7B021BCF846F002582DE /* contactDetailCtl.m in Sources */ = {isa = PBXBuildFile; fileRef = 2D8F7B011BCF846F002582DE /* contactDetailCtl.m */; };
		2D8F7B051BCF9C55002582DE /* TimeCustomActionSheet.m in Sources */ = {isa = PBXBuildFile; fileRef = 2D8F7B041BCF9C55002582DE /* TimeCustomActionSheet.m */; };
		2D9AA1E81BBA6CCE00A2D487 /* main.m in Sources */ = {isa = PBXBuildFile; fileRef = 2D9AA1E71BBA6CCE00A2D487 /* main.m */; };
		2D9AA1EB1BBA6CCE00A2D487 /* AppDelegate.m in Sources */ = {isa = PBXBuildFile; fileRef = 2D9AA1EA1BBA6CCE00A2D487 /* AppDelegate.m */; };
		2D9AA1EE1BBA6CCE00A2D487 /* ViewController.m in Sources */ = {isa = PBXBuildFile; fileRef = 2D9AA1ED1BBA6CCE00A2D487 /* ViewController.m */; };
		2D9AA1F11BBA6CCE00A2D487 /* Main.storyboard in Resources */ = {isa = PBXBuildFile; fileRef = 2D9AA1EF1BBA6CCE00A2D487 /* Main.storyboard */; };
		2D9AA1F31BBA6CCE00A2D487 /* Assets.xcassets in Resources */ = {isa = PBXBuildFile; fileRef = 2D9AA1F21BBA6CCE00A2D487 /* Assets.xcassets */; };
		2D9AA1F61BBA6CCE00A2D487 /* LaunchScreen.storyboard in Resources */ = {isa = PBXBuildFile; fileRef = 2D9AA1F41BBA6CCE00A2D487 /* LaunchScreen.storyboard */; };
		2D9AA2011BBA6D8900A2D487 /* Model.m in Sources */ = {isa = PBXBuildFile; fileRef = 2D9AA2001BBA6D8900A2D487 /* Model.m */; };
		2D9AA2081BBA721B00A2D487 /* jsonModel.m in Sources */ = {isa = PBXBuildFile; fileRef = 2D9AA2071BBA721B00A2D487 /* jsonModel.m */; };
/* End PBXBuildFile section */

/* Begin PBXFileReference section */
		2D2FE08B1BC74D9E00544693 /* valueTransform.h */ = {isa = PBXFileReference; fileEncoding = 4; lastKnownFileType = sourcecode.c.h; path = valueTransform.h; sourceTree = "<group>"; };
		2D2FE08C1BC74D9E00544693 /* valueTransform.m */ = {isa = PBXFileReference; fileEncoding = 4; lastKnownFileType = sourcecode.c.objc; path = valueTransform.m; sourceTree = "<group>"; };
		2D3C63431BC8BA6600042AC4 /* WWDatabase.h */ = {isa = PBXFileReference; fileEncoding = 4; lastKnownFileType = sourcecode.c.h; path = WWDatabase.h; sourceTree = "<group>"; };
		2D3C63441BC8BA6600042AC4 /* WWDatabase.m */ = {isa = PBXFileReference; fileEncoding = 4; lastKnownFileType = sourcecode.c.objc; path = WWDatabase.m; sourceTree = "<group>"; };
		2D3C63461BC8BACF00042AC4 /* modelAssociateDB.h */ = {isa = PBXFileReference; fileEncoding = 4; lastKnownFileType = sourcecode.c.h; path = modelAssociateDB.h; sourceTree = "<group>"; };
		2D3C63471BC8BACF00042AC4 /* modelAssociateDB.m */ = {isa = PBXFileReference; fileEncoding = 4; lastKnownFileType = sourcecode.c.objc; path = modelAssociateDB.m; sourceTree = "<group>"; };
		2D3C63491BC8BB1300042AC4 /* WWDBValueAdapter.h */ = {isa = PBXFileReference; fileEncoding = 4; lastKnownFileType = sourcecode.c.h; path = WWDBValueAdapter.h; sourceTree = "<group>"; };
		2D3C634A1BC8BB1300042AC4 /* WWDBValueAdapter.m */ = {isa = PBXFileReference; fileEncoding = 4; lastKnownFileType = sourcecode.c.objc; path = WWDBValueAdapter.m; sourceTree = "<group>"; };
		2D3C634C1BC8C23800042AC4 /* libsqlite3.tbd */ = {isa = PBXFileReference; lastKnownFileType = "sourcecode.text-based-dylib-definition"; name = libsqlite3.tbd; path = usr/lib/libsqlite3.tbd; sourceTree = SDKROOT; };
		2D3C634F1BC8C31D00042AC4 /* libz.tbd */ = {isa = PBXFileReference; lastKnownFileType = "sourcecode.text-based-dylib-definition"; name = libz.tbd; path = usr/lib/libz.tbd; sourceTree = SDKROOT; };
		2D3C63511BC905CA00042AC4 /* WWExceptionAndError.h */ = {isa = PBXFileReference; fileEncoding = 4; lastKnownFileType = sourcecode.c.h; path = WWExceptionAndError.h; sourceTree = "<group>"; };
		2D3C63521BC905CA00042AC4 /* WWExceptionAndError.m */ = {isa = PBXFileReference; fileEncoding = 4; lastKnownFileType = sourcecode.c.objc; path = WWExceptionAndError.m; sourceTree = "<group>"; };
		2D8F7AFC1BCF7FA9002582DE /* contactPersonModel.h */ = {isa = PBXFileReference; fileEncoding = 4; lastKnownFileType = sourcecode.c.h; path = contactPersonModel.h; sourceTree = "<group>"; };
		2D8F7AFD1BCF7FA9002582DE /* contactPersonModel.m */ = {isa = PBXFileReference; fileEncoding = 4; lastKnownFileType = sourcecode.c.objc; path = contactPersonModel.m; sourceTree = "<group>"; };
		2D8F7B001BCF846F002582DE /* contactDetailCtl.h */ = {isa = PBXFileReference; fileEncoding = 4; lastKnownFileType = sourcecode.c.h; path = contactDetailCtl.h; sourceTree = "<group>"; };
		2D8F7B011BCF846F002582DE /* contactDetailCtl.m */ = {isa = PBXFileReference; fileEncoding = 4; lastKnownFileType = sourcecode.c.objc; path = contactDetailCtl.m; sourceTree = "<group>"; };
		2D8F7B031BCF9C55002582DE /* TimeCustomActionSheet.h */ = {isa = PBXFileReference; fileEncoding = 4; lastKnownFileType = sourcecode.c.h; path = TimeCustomActionSheet.h; sourceTree = "<group>"; };
		2D8F7B041BCF9C55002582DE /* TimeCustomActionSheet.m */ = {isa = PBXFileReference; fileEncoding = 4; lastKnownFileType = sourcecode.c.objc; path = TimeCustomActionSheet.m; sourceTree = "<group>"; };
		2D9AA1E31BBA6CCE00A2D487 /* WWModelMaster.app */ = {isa = PBXFileReference; explicitFileType = wrapper.application; includeInIndex = 0; path = WWModelMaster.app; sourceTree = BUILT_PRODUCTS_DIR; };
		2D9AA1E71BBA6CCE00A2D487 /* main.m */ = {isa = PBXFileReference; lastKnownFileType = sourcecode.c.objc; path = main.m; sourceTree = "<group>"; };
		2D9AA1E91BBA6CCE00A2D487 /* AppDelegate.h */ = {isa = PBXFileReference; lastKnownFileType = sourcecode.c.h; path = AppDelegate.h; sourceTree = "<group>"; };
		2D9AA1EA1BBA6CCE00A2D487 /* AppDelegate.m */ = {isa = PBXFileReference; lastKnownFileType = sourcecode.c.objc; path = AppDelegate.m; sourceTree = "<group>"; };
		2D9AA1EC1BBA6CCE00A2D487 /* ViewController.h */ = {isa = PBXFileReference; lastKnownFileType = sourcecode.c.h; path = ViewController.h; sourceTree = "<group>"; };
		2D9AA1ED1BBA6CCE00A2D487 /* ViewController.m */ = {isa = PBXFileReference; lastKnownFileType = sourcecode.c.objc; path = ViewController.m; sourceTree = "<group>"; };
		2D9AA1F01BBA6CCE00A2D487 /* Base */ = {isa = PBXFileReference; lastKnownFileType = file.storyboard; name = Base; path = Base.lproj/Main.storyboard; sourceTree = "<group>"; };
		2D9AA1F21BBA6CCE00A2D487 /* Assets.xcassets */ = {isa = PBXFileReference; lastKnownFileType = folder.assetcatalog; path = Assets.xcassets; sourceTree = "<group>"; };
		2D9AA1F51BBA6CCE00A2D487 /* Base */ = {isa = PBXFileReference; lastKnownFileType = file.storyboard; name = Base; path = Base.lproj/LaunchScreen.storyboard; sourceTree = "<group>"; };
		2D9AA1F71BBA6CCE00A2D487 /* Info.plist */ = {isa = PBXFileReference; lastKnownFileType = text.plist.xml; path = Info.plist; sourceTree = "<group>"; };
		2D9AA1FF1BBA6D8900A2D487 /* Model.h */ = {isa = PBXFileReference; fileEncoding = 4; lastKnownFileType = sourcecode.c.h; path = Model.h; sourceTree = "<group>"; };
		2D9AA2001BBA6D8900A2D487 /* Model.m */ = {isa = PBXFileReference; fileEncoding = 4; lastKnownFileType = sourcecode.c.objc; path = Model.m; sourceTree = "<group>"; };
		2D9AA2061BBA721B00A2D487 /* jsonModel.h */ = {isa = PBXFileReference; fileEncoding = 4; lastKnownFileType = sourcecode.c.h; path = jsonModel.h; sourceTree = "<group>"; };
		2D9AA2071BBA721B00A2D487 /* jsonModel.m */ = {isa = PBXFileReference; fileEncoding = 4; lastKnownFileType = sourcecode.c.objc; path = jsonModel.m; sourceTree = "<group>"; };
/* End PBXFileReference section */

/* Begin PBXFrameworksBuildPhase section */
		2D9AA1E01BBA6CCE00A2D487 /* Frameworks */ = {
			isa = PBXFrameworksBuildPhase;
			buildActionMask = 2147483647;
			files = (
				2D3C63501BC8C31D00042AC4 /* libz.tbd in Frameworks */,
				2D3C634E1BC8C29900042AC4 /* libsqlite3.tbd in Frameworks */,
			);
			runOnlyForDeploymentPostprocessing = 0;
		};
/* End PBXFrameworksBuildPhase section */

/* Begin PBXGroup section */
		2D8F7AFB1BCF7F3E002582DE /* contactPerson */ = {
			isa = PBXGroup;
			children = (
				2D8F7B031BCF9C55002582DE /* TimeCustomActionSheet.h */,
				2D8F7B041BCF9C55002582DE /* TimeCustomActionSheet.m */,
				2D8F7AFC1BCF7FA9002582DE /* contactPersonModel.h */,
				2D8F7AFD1BCF7FA9002582DE /* contactPersonModel.m */,
				2D8F7B001BCF846F002582DE /* contactDetailCtl.h */,
				2D8F7B011BCF846F002582DE /* contactDetailCtl.m */,
			);
			name = contactPerson;
			sourceTree = "<group>";
		};
		2D9AA1DA1BBA6CCE00A2D487 = {
			isa = PBXGroup;
			children = (
				2D9AA1E51BBA6CCE00A2D487 /* WWModelMaster */,
				2D9AA1E41BBA6CCE00A2D487 /* Products */,
			);
			sourceTree = "<group>";
		};
		2D9AA1E41BBA6CCE00A2D487 /* Products */ = {
			isa = PBXGroup;
			children = (
				2D9AA1E31BBA6CCE00A2D487 /* WWModelMaster.app */,
			);
			name = Products;
			sourceTree = "<group>";
		};
		2D9AA1E51BBA6CCE00A2D487 /* WWModelMaster */ = {
			isa = PBXGroup;
			children = (
				2D8F7AFB1BCF7F3E002582DE /* contactPerson */,
				2D9AA1FE1BBA6D8000A2D487 /* Model */,
				2D9AA1E91BBA6CCE00A2D487 /* AppDelegate.h */,
				2D9AA1EA1BBA6CCE00A2D487 /* AppDelegate.m */,
				2D9AA1EC1BBA6CCE00A2D487 /* ViewController.h */,
				2D9AA1ED1BBA6CCE00A2D487 /* ViewController.m */,
				2D9AA1EF1BBA6CCE00A2D487 /* Main.storyboard */,
				2D9AA1F21BBA6CCE00A2D487 /* Assets.xcassets */,
				2D9AA1F41BBA6CCE00A2D487 /* LaunchScreen.storyboard */,
				2D9AA1F71BBA6CCE00A2D487 /* Info.plist */,
				2D9AA1E61BBA6CCE00A2D487 /* Supporting Files */,
			);
			path = WWModelMaster;
			sourceTree = "<group>";
		};
		2D9AA1E61BBA6CCE00A2D487 /* Supporting Files */ = {
			isa = PBXGroup;
			children = (
				2D3C634C1BC8C23800042AC4 /* libsqlite3.tbd */,
				2D3C634F1BC8C31D00042AC4 /* libz.tbd */,
				2D9AA1E71BBA6CCE00A2D487 /* main.m */,
			);
			name = "Supporting Files";
			sourceTree = "<group>";
		};
		2D9AA1FE1BBA6D8000A2D487 /* Model */ = {
			isa = PBXGroup;
			children = (
				2D9AA1FF1BBA6D8900A2D487 /* Model.h */,
				2D9AA2001BBA6D8900A2D487 /* Model.m */,
				2D9AA2061BBA721B00A2D487 /* jsonModel.h */,
				2D9AA2071BBA721B00A2D487 /* jsonModel.m */,
				2D2FE08B1BC74D9E00544693 /* valueTransform.h */,
				2D2FE08C1BC74D9E00544693 /* valueTransform.m */,
				2D3C63431BC8BA6600042AC4 /* WWDatabase.h */,
				2D3C63441BC8BA6600042AC4 /* WWDatabase.m */,
				2D3C63461BC8BACF00042AC4 /* modelAssociateDB.h */,
				2D3C63471BC8BACF00042AC4 /* modelAssociateDB.m */,
				2D3C63491BC8BB1300042AC4 /* WWDBValueAdapter.h */,
				2D3C634A1BC8BB1300042AC4 /* WWDBValueAdapter.m */,
				2D3C63511BC905CA00042AC4 /* WWExceptionAndError.h */,
				2D3C63521BC905CA00042AC4 /* WWExceptionAndError.m */,
			);
			path = Model;
			sourceTree = "<group>";
		};
/* End PBXGroup section */

/* Begin PBXNativeTarget section */
		2D9AA1E21BBA6CCE00A2D487 /* WWModelMaster */ = {
			isa = PBXNativeTarget;
			buildConfigurationList = 2D9AA1FA1BBA6CCE00A2D487 /* Build configuration list for PBXNativeTarget "WWModelMaster" */;
			buildPhases = (
				2D9AA1DF1BBA6CCE00A2D487 /* Sources */,
				2D9AA1E01BBA6CCE00A2D487 /* Frameworks */,
				2D9AA1E11BBA6CCE00A2D487 /* Resources */,
			);
			buildRules = (
			);
			dependencies = (
			);
			name = WWModelMaster;
			productName = WWModelMaster;
			productReference = 2D9AA1E31BBA6CCE00A2D487 /* WWModelMaster.app */;
			productType = "com.apple.product-type.application";
		};
/* End PBXNativeTarget section */

/* Begin PBXProject section */
		2D9AA1DB1BBA6CCE00A2D487 /* Project object */ = {
			isa = PBXProject;
			attributes = {
				LastUpgradeCheck = 0700;
				ORGANIZATIONNAME = "歪歪";
				TargetAttributes = {
					2D9AA1E21BBA6CCE00A2D487 = {
						CreatedOnToolsVersion = 7.0;
					};
				};
			};
			buildConfigurationList = 2D9AA1DE1BBA6CCE00A2D487 /* Build configuration list for PBXProject "WWModelMaster" */;
			compatibilityVersion = "Xcode 3.2";
			developmentRegion = English;
			hasScannedForEncodings = 0;
			knownRegions = (
				en,
				Base,
			);
			mainGroup = 2D9AA1DA1BBA6CCE00A2D487;
			productRefGroup = 2D9AA1E41BBA6CCE00A2D487 /* Products */;
			projectDirPath = "";
			projectRoot = "";
			targets = (
				2D9AA1E21BBA6CCE00A2D487 /* WWModelMaster */,
			);
		};
/* End PBXProject section */

/* Begin PBXResourcesBuildPhase section */
		2D9AA1E11BBA6CCE00A2D487 /* Resources */ = {
			isa = PBXResourcesBuildPhase;
			buildActionMask = 2147483647;
			files = (
				2D9AA1F61BBA6CCE00A2D487 /* LaunchScreen.storyboard in Resources */,
				2D9AA1F31BBA6CCE00A2D487 /* Assets.xcassets in Resources */,
				2D9AA1F11BBA6CCE00A2D487 /* Main.storyboard in Resources */,
			);
			runOnlyForDeploymentPostprocessing = 0;
		};
/* End PBXResourcesBuildPhase section */

/* Begin PBXSourcesBuildPhase section */
		2D9AA1DF1BBA6CCE00A2D487 /* Sources */ = {
			isa = PBXSourcesBuildPhase;
			buildActionMask = 2147483647;
			files = (
				2D2FE08D1BC74D9E00544693 /* valueTransform.m in Sources */,
				2D9AA2081BBA721B00A2D487 /* jsonModel.m in Sources */,
				2D9AA1EE1BBA6CCE00A2D487 /* ViewController.m in Sources */,
				2D9AA1EB1BBA6CCE00A2D487 /* AppDelegate.m in Sources */,
				2D8F7B021BCF846F002582DE /* contactDetailCtl.m in Sources */,
				2D8F7AFE1BCF7FA9002582DE /* contactPersonModel.m in Sources */,
				2D3C63481BC8BACF00042AC4 /* modelAssociateDB.m in Sources */,
				2D8F7B051BCF9C55002582DE /* TimeCustomActionSheet.m in Sources */,
				2D9AA1E81BBA6CCE00A2D487 /* main.m in Sources */,
				2D3C63451BC8BA6600042AC4 /* WWDatabase.m in Sources */,
				2D9AA2011BBA6D8900A2D487 /* Model.m in Sources */,
				2D3C63531BC905CA00042AC4 /* WWExceptionAndError.m in Sources */,
				2D3C634B1BC8BB1300042AC4 /* WWDBValueAdapter.m in Sources */,
			);
			runOnlyForDeploymentPostprocessing = 0;
		};
/* End PBXSourcesBuildPhase section */

/* Begin PBXVariantGroup section */
		2D9AA1EF1BBA6CCE00A2D487 /* Main.storyboard */ = {
			isa = PBXVariantGroup;
			children = (
				2D9AA1F01BBA6CCE00A2D487 /* Base */,
			);
			name = Main.storyboard;
			sourceTree = "<group>";
		};
		2D9AA1F41BBA6CCE00A2D487 /* LaunchScreen.storyboard */ = {
			isa = PBXVariantGroup;
			children = (
				2D9AA1F51BBA6CCE00A2D487 /* Base */,
			);
			name = LaunchScreen.storyboard;
			sourceTree = "<group>";
		};
/* End PBXVariantGroup section */

/* Begin XCBuildConfiguration section */
		2D9AA1F81BBA6CCE00A2D487 /* Debug */ = {
			isa = XCBuildConfiguration;
			buildSettings = {
				ALWAYS_SEARCH_USER_PATHS = NO;
				CLANG_CXX_LANGUAGE_STANDARD = "gnu++0x";
				CLANG_CXX_LIBRARY = "libc++";
				CLANG_ENABLE_MODULES = YES;
				CLANG_ENABLE_OBJC_ARC = YES;
				CLANG_WARN_BOOL_CONVERSION = YES;
				CLANG_WARN_CONSTANT_CONVERSION = YES;
				CLANG_WARN_DIRECT_OBJC_ISA_USAGE = YES_ERROR;
				CLANG_WARN_EMPTY_BODY = YES;
				CLANG_WARN_ENUM_CONVERSION = YES;
				CLANG_WARN_INT_CONVERSION = YES;
				CLANG_WARN_OBJC_ROOT_CLASS = YES_ERROR;
				CLANG_WARN_UNREACHABLE_CODE = YES;
				CLANG_WARN__DUPLICATE_METHOD_MATCH = YES;
				"CODE_SIGN_IDENTITY[sdk=iphoneos*]" = "iPhone Developer";
				COPY_PHASE_STRIP = NO;
				DEBUG_INFORMATION_FORMAT = dwarf;
				ENABLE_STRICT_OBJC_MSGSEND = YES;
				ENABLE_TESTABILITY = YES;
				GCC_C_LANGUAGE_STANDARD = gnu99;
				GCC_DYNAMIC_NO_PIC = NO;
				GCC_NO_COMMON_BLOCKS = YES;
				GCC_OPTIMIZATION_LEVEL = 0;
				GCC_PREPROCESSOR_DEFINITIONS = (
					"DEBUG=1",
					"$(inherited)",
				);
				GCC_WARN_64_TO_32_BIT_CONVERSION = YES;
				GCC_WARN_ABOUT_RETURN_TYPE = YES_ERROR;
				GCC_WARN_UNDECLARED_SELECTOR = YES;
				GCC_WARN_UNINITIALIZED_AUTOS = YES_AGGRESSIVE;
				GCC_WARN_UNUSED_FUNCTION = YES;
				GCC_WARN_UNUSED_VARIABLE = YES;
				IPHONEOS_DEPLOYMENT_TARGET = 9.0;
				MTL_ENABLE_DEBUG_INFO = YES;
				ONLY_ACTIVE_ARCH = YES;
				SDKROOT = iphoneos;
				TARGETED_DEVICE_FAMILY = "1,2";
			};
			name = Debug;
		};
		2D9AA1F91BBA6CCE00A2D487 /* Release */ = {
			isa = XCBuildConfiguration;
			buildSettings = {
				ALWAYS_SEARCH_USER_PATHS = NO;
				CLANG_CXX_LANGUAGE_STANDARD = "gnu++0x";
				CLANG_CXX_LIBRARY = "libc++";
				CLANG_ENABLE_MODULES = YES;
				CLANG_ENABLE_OBJC_ARC = YES;
				CLANG_WARN_BOOL_CONVERSION = YES;
				CLANG_WARN_CONSTANT_CONVERSION = YES;
				CLANG_WARN_DIRECT_OBJC_ISA_USAGE = YES_ERROR;
				CLANG_WARN_EMPTY_BODY = YES;
				CLANG_WARN_ENUM_CONVERSION = YES;
				CLANG_WARN_INT_CONVERSION = YES;
				CLANG_WARN_OBJC_ROOT_CLASS = YES_ERROR;
				CLANG_WARN_UNREACHABLE_CODE = YES;
				CLANG_WARN__DUPLICATE_METHOD_MATCH = YES;
				"CODE_SIGN_IDENTITY[sdk=iphoneos*]" = "iPhone Developer";
				COPY_PHASE_STRIP = NO;
				DEBUG_INFORMATION_FORMAT = "dwarf-with-dsym";
				ENABLE_NS_ASSERTIONS = NO;
				ENABLE_STRICT_OBJC_MSGSEND = YES;
				GCC_C_LANGUAGE_STANDARD = gnu99;
				GCC_NO_COMMON_BLOCKS = YES;
				GCC_WARN_64_TO_32_BIT_CONVERSION = YES;
				GCC_WARN_ABOUT_RETURN_TYPE = YES_ERROR;
				GCC_WARN_UNDECLARED_SELECTOR = YES;
				GCC_WARN_UNINITIALIZED_AUTOS = YES_AGGRESSIVE;
				GCC_WARN_UNUSED_FUNCTION = YES;
				GCC_WARN_UNUSED_VARIABLE = YES;
				IPHONEOS_DEPLOYMENT_TARGET = 9.0;
				MTL_ENABLE_DEBUG_INFO = NO;
				SDKROOT = iphoneos;
				TARGETED_DEVICE_FAMILY = "1,2";
				VALIDATE_PRODUCT = YES;
			};
			name = Release;
		};
		2D9AA1FB1BBA6CCE00A2D487 /* Debug */ = {
			isa = XCBuildConfiguration;
			buildSettings = {
				ASSETCATALOG_COMPILER_APPICON_NAME = AppIcon;
				ENABLE_BITCODE = NO;
				INFOPLIST_FILE = WWModelMaster/Info.plist;
				LD_RUNPATH_SEARCH_PATHS = "$(inherited) @executable_path/Frameworks";
				PRODUCT_BUNDLE_IDENTIFIER = com.waiwai.model.WWModelMaster;
				PRODUCT_NAME = "$(TARGET_NAME)";
			};
			name = Debug;
		};
		2D9AA1FC1BBA6CCE00A2D487 /* Release */ = {
			isa = XCBuildConfiguration;
			buildSettings = {
				ASSETCATALOG_COMPILER_APPICON_NAME = AppIcon;
				ENABLE_BITCODE = NO;
				INFOPLIST_FILE = WWModelMaster/Info.plist;
				LD_RUNPATH_SEARCH_PATHS = "$(inherited) @executable_path/Frameworks";
				PRODUCT_BUNDLE_IDENTIFIER = com.waiwai.model.WWModelMaster;
				PRODUCT_NAME = "$(TARGET_NAME)";
			};
			name = Release;
		};
/* End XCBuildConfiguration section */

/* Begin XCConfigurationList section */
		2D9AA1DE1BBA6CCE00A2D487 /* Build configuration list for PBXProject "WWModelMaster" */ = {
			isa = XCConfigurationList;
			buildConfigurations = (
				2D9AA1F81BBA6CCE00A2D487 /* Debug */,
				2D9AA1F91BBA6CCE00A2D487 /* Release */,
			);
			defaultConfigurationIsVisible = 0;
			defaultConfigurationName = Release;
		};
		2D9AA1FA1BBA6CCE00A2D487 /* Build configuration list for PBXNativeTarget "WWModelMaster" */ = {
			isa = XCConfigurationList;
			buildConfigurations = (
				2D9AA1FB1BBA6CCE00A2D487 /* Debug */,
				2D9AA1FC1BBA6CCE00A2D487 /* Release */,
			);
			defaultConfigurationIsVisible = 0;
			defaultConfigurationName = Release;
		};
/* End XCConfigurationList section */
	};
	rootObject = 2D9AA1DB1BBA6CCE00A2D487 /* Project object */;
}
